
Microsoft Visual Studio Solution File, Format Version 12.00
# Visual Studio 2017
Project("{FAE04EC0-301F-11D3-BF4B-00C04F79EFBC}") = "Skip", "Skip.csproj", "{A1E17438-64AD-C8D1-22B5-C98F2D959633}"
EndProject
Project("{FAE04EC0-301F-11D3-BF4B-00C04F79EFBC}") = "Skip.Editor", "Skip.Editor.csproj", "{FAAAE071-18ED-284F-52F2-8A0BCF57D24A}"
EndProject
Global
	GlobalSection(SolutionConfigurationPlatforms) = preSolution
		Debug|Any CPU = Debug|Any CPU
		Release|Any CPU = Release|Any CPU
	EndGlobalSection
	GlobalSection(ProjectConfigurationPlatforms) = postSolution
		{A1E17438-64AD-C8D1-22B5-C98F2D959633}.Debug|Any CPU.ActiveCfg = Debug|Any CPU
		{A1E17438-64AD-C8D1-22B5-C98F2D959633}.Debug|Any CPU.Build.0 = Debug|Any CPU
		{A1E17438-64AD-C8D1-22B5-C98F2D959633}.Release|Any CPU.ActiveCfg = Release|Any CPU
		{A1E17438-64AD-C8D1-22B5-C98F2D959633}.Release|Any CPU.Build.0 = Release|Any CPU
		{FAAAE071-18ED-284F-52F2-8A0BCF57D24A}.Debug|Any CPU.ActiveCfg = Debug|Any CPU
		{FAAAE071-18ED-284F-52F2-8A0BCF57D24A}.Debug|Any CPU.Build.0 = Debug|Any CPU
		{FAAAE071-18ED-284F-52F2-8A0BCF57D24A}.Release|Any CPU.ActiveCfg = Release|Any CPU
		{FAAAE071-18ED-284F-52F2-8A0BCF57D24A}.Release|Any CPU.Build.0 = Release|Any CPU
	EndGlobalSection
	GlobalSection(SolutionProperties) = preSolution
		HideSolutionNode = FALSE
	EndGlobalSection
EndGlobal
